
Microsoft Visual Studio Solution File, Format Version 12.00
# Visual Studio 15
Project("{FAE04EC0-301F-11D3-BF4B-00C04F79EFBC}") = "RestTest", "RestTest\RestTest.csproj", "{0A0DA0D7-8E74-4D0B-A0B7-459D2A17B79B}"
EndProject
Global
	GlobalSection(SolutionConfigurationPlatforms) = preSolution
		Debug|Any CPU = Debug|Any CPU
		Release|Any CPU = Release|Any CPU
	EndGlobalSection
	GlobalSection(ProjectConfigurationPlatforms) = postSolution
		{0A0DA0D7-8E74-4D0B-A0B7-459D2A17B79B}.Debug|Any CPU.ActiveCfg = Debug|Any CPU
		{0A0DA0D7-8E74-4D0B-A0B7-459D2A17B79B}.Debug|Any CPU.Build.0 = Debug|Any CPU
		{0A0DA0D7-8E74-4D0B-A0B7-459D2A17B79B}.Release|Any CPU.ActiveCfg = Release|Any CPU
		{0A0DA0D7-8E74-4D0B-A0B7-459D2A17B79B}.Release|Any CPU.Build.0 = Release|Any CPU
	EndGlobalSection
EndGlobal
